
Microsoft Visual Studio Solution File, Format Version 12.00
# Visual Studio Version 16
VisualStudioVersion = 16.0.29613.14
MinimumVisualStudioVersion = 10.0.40219.1
Project("{FAE04EC0-301F-11D3-BF4B-00C04F79EFBC}") = "ProjectOnMvc", "ProjectOnMvc.csproj", "{852E4756-3FA9-4342-A145-D8828889466A}"
EndProject
Global
	GlobalSection(SolutionConfigurationPlatforms) = preSolution
		Debug|Any CPU = Debug|Any CPU
		Release|Any CPU = Release|Any CPU
	EndGlobalSection
	GlobalSection(ProjectConfigurationPlatforms) = postSolution
		{852E4756-3FA9-4342-A145-D8828889466A}.Debug|Any CPU.ActiveCfg = Debug|Any CPU
		{852E4756-3FA9-4342-A145-D8828889466A}.Debug|Any CPU.Build.0 = Debug|Any CPU
		{852E4756-3FA9-4342-A145-D8828889466A}.Release|Any CPU.ActiveCfg = Release|Any CPU
		{852E4756-3FA9-4342-A145-D8828889466A}.Release|Any CPU.Build.0 = Release|Any CPU
	EndGlobalSection
	GlobalSection(SolutionProperties) = preSolution
		HideSolutionNode = FALSE
	EndGlobalSection
	GlobalSection(ExtensibilityGlobals) = postSolution
		SolutionGuid = {DEE7F516-0234-4C05-981E-C6AEF44645B9}
	EndGlobalSection
EndGlobal
