
Microsoft Visual Studio Solution File, Format Version 12.00
# Visual Studio Version 16
VisualStudioVersion = 16.0.29613.14
MinimumVisualStudioVersion = 10.0.40219.1
Project("{FAE04EC0-301F-11D3-BF4B-00C04F79EFBC}") = "CsharpAssignments", "CsharpAssignments.csproj", "{47FC6274-648E-49EC-9205-993DE10D2008}"
EndProject
Global
	GlobalSection(SolutionConfigurationPlatforms) = preSolution
		Debug|Any CPU = Debug|Any CPU
		Release|Any CPU = Release|Any CPU
	EndGlobalSection
	GlobalSection(ProjectConfigurationPlatforms) = postSolution
		{47FC6274-648E-49EC-9205-993DE10D2008}.Debug|Any CPU.ActiveCfg = Debug|Any CPU
		{47FC6274-648E-49EC-9205-993DE10D2008}.Debug|Any CPU.Build.0 = Debug|Any CPU
		{47FC6274-648E-49EC-9205-993DE10D2008}.Release|Any CPU.ActiveCfg = Release|Any CPU
		{47FC6274-648E-49EC-9205-993DE10D2008}.Release|Any CPU.Build.0 = Release|Any CPU
	EndGlobalSection
	GlobalSection(SolutionProperties) = preSolution
		HideSolutionNode = FALSE
	EndGlobalSection
	GlobalSection(ExtensibilityGlobals) = postSolution
		SolutionGuid = {5898AEC1-03E1-437B-BBC7-5912E0BDCDE9}
	EndGlobalSection
EndGlobal
