
Microsoft Visual Studio Solution File, Format Version 12.00
# Visual Studio Version 16
VisualStudioVersion = 16.0.29613.14
MinimumVisualStudioVersion = 10.0.40219.1
Project("{FAE04EC0-301F-11D3-BF4B-00C04F79EFBC}") = "AbstractPractice", "AbstractPractice.csproj", "{26A5180D-CCA6-43CB-9FF3-FF56F6365C72}"
EndProject
Global
	GlobalSection(SolutionConfigurationPlatforms) = preSolution
		Debug|Any CPU = Debug|Any CPU
		Release|Any CPU = Release|Any CPU
	EndGlobalSection
	GlobalSection(ProjectConfigurationPlatforms) = postSolution
		{26A5180D-CCA6-43CB-9FF3-FF56F6365C72}.Debug|Any CPU.ActiveCfg = Debug|Any CPU
		{26A5180D-CCA6-43CB-9FF3-FF56F6365C72}.Debug|Any CPU.Build.0 = Debug|Any CPU
		{26A5180D-CCA6-43CB-9FF3-FF56F6365C72}.Release|Any CPU.ActiveCfg = Release|Any CPU
		{26A5180D-CCA6-43CB-9FF3-FF56F6365C72}.Release|Any CPU.Build.0 = Release|Any CPU
	EndGlobalSection
	GlobalSection(SolutionProperties) = preSolution
		HideSolutionNode = FALSE
	EndGlobalSection
	GlobalSection(ExtensibilityGlobals) = postSolution
		SolutionGuid = {C113ADB2-EFCB-4D74-A64C-E431552188ED}
	EndGlobalSection
EndGlobal
